<?xml version="1.0" encoding="UTF-8" standalone="yes" ?>
<CodeBlocks_project_file>
	<FileVersion major="1" minor="6" />
	<Project>
		<Option title="libSFFv2" />
		<Option pch_mode="2" />
		<Option compiler="gcc" />
		<Build>
			<Target title="Debug">
				<Option output="bin/Debug/SFFv2" prefix_auto="1" extension_auto="1" />
				<Option working_dir="" />
				<Option object_output="obj/Debug/" />
				<Option type="2" />
				<Option compiler="gcc" />
				<Option createDefFile="1" />
				<Compiler>
					<Add option="-Wall" />
					<Add option="-g" />
				</Compiler>
			</Target>
			<Target title="Release">
				<Option output="bin/Release/SFFv2" prefix_auto="1" extension_auto="1" />
				<Option working_dir="" />
				<Option object_output="obj/Release/" />
				<Option type="2" />
				<Option compiler="gcc" />
				<Option createDefFile="1" />
				<Compiler>
					<Add option="-Wall" />
					<Add option="-O2" />
				</Compiler>
				<Linker>
					<Add option="-s" />
				</Linker>
			</Target>
		</Build>
		<Unit filename="SFF2File.cpp" />
		<Unit filename="SFF2File.h" />
		<Unit filename="SFF2_PalNode.cpp" />
		<Unit filename="SFF2_PalNode.h" />
		<Unit filename="SFF2_SpriteNode.cpp" />
		<Unit filename="SFF2_SpriteNode.h" />
		<Unit filename="encoding/LZ5.cpp" />
		<Unit filename="encoding/LZ5.h" />
		<Unit filename="encoding/LZ5/LZ.cpp" />
		<Unit filename="encoding/LZ5/LZ.h" />
		<Unit filename="encoding/LZ5/RLE.cpp" />
		<Unit filename="encoding/LZ5/RLE.h" />
		<Unit filename="encoding/RLE5.cpp" />
		<Unit filename="encoding/RLE5.h" />
		<Unit filename="encoding/RLE8.cpp" />
		<Unit filename="encoding/RLE8.h" />
		<Unit filename="sff2header.cpp" />
		<Unit filename="sff2header.h" />
		<Unit filename="sff2test.cpp" />
		<Unit filename="utiltype/SFF2MemBlock.cpp" />
		<Unit filename="utiltype/SFF2MemBlock.h" />
		<Unit filename="utiltype/sff2int.h" />
		<Extensions>
			<code_completion />
			<envvars />
			<lib_finder disable_auto="1" />
			<debugger />
		</Extensions>
	</Project>
</CodeBlocks_project_file>
